// !$*UTF8*$!
{
	archiveVersion = 1;
	classes = {
	};
	objectVersion = 55;
	objects = {

/* Begin PBXBuildFile section */
		02866A69287DD10700507977 /* AppDelegate.swift in Sources */ = {isa = PBXBuildFile; fileRef = 02866A68287DD10700507977 /* AppDelegate.swift */; };
		02866A6B287DD10700507977 /* SceneDelegate.swift in Sources */ = {isa = PBXBuildFile; fileRef = 02866A6A287DD10700507977 /* SceneDelegate.swift */; };
		02866A6D287DD10700507977 /* ViewController.swift in Sources */ = {isa = PBXBuildFile; fileRef = 02866A6C287DD10700507977 /* ViewController.swift */; };
		02866A70287DD10700507977 /* Main.storyboard in Resources */ = {isa = PBXBuildFile; fileRef = 02866A6E287DD10700507977 /* Main.storyboard */; };
		02866A72287DD10900507977 /* Assets.xcassets in Resources */ = {isa = PBXBuildFile; fileRef = 02866A71287DD10900507977 /* Assets.xcassets */; };
		02866A75287DD10900507977 /* LaunchScreen.storyboard in Resources */ = {isa = PBXBuildFile; fileRef = 02866A73287DD10900507977 /* LaunchScreen.storyboard */; };
		0291EA11287DF06D0097E386 /* NetworkManager.swift in Sources */ = {isa = PBXBuildFile; fileRef = 0291EA10287DF06D0097E386 /* NetworkManager.swift */; };
		0291EA13287DF14B0097E386 /* SampleJSONDragon.json in Resources */ = {isa = PBXBuildFile; fileRef = 0291EA12287DF14B0097E386 /* SampleJSONDragon.json */; };
		0291EA16287DF2600097E386 /* Pokemon.swift in Sources */ = {isa = PBXBuildFile; fileRef = 0291EA15287DF2600097E386 /* Pokemon.swift */; };
/* End PBXBuildFile section */

/* Begin PBXFileReference section */
		02866A65287DD10700507977 /* JsonLongWay.app */ = {isa = PBXFileReference; explicitFileType = wrapper.application; includeInIndex = 0; path = JsonLongWay.app; sourceTree = BUILT_PRODUCTS_DIR; };
		02866A68287DD10700507977 /* AppDelegate.swift */ = {isa = PBXFileReference; lastKnownFileType = sourcecode.swift; path = AppDelegate.swift; sourceTree = "<group>"; };
		02866A6A287DD10700507977 /* SceneDelegate.swift */ = {isa = PBXFileReference; lastKnownFileType = sourcecode.swift; path = SceneDelegate.swift; sourceTree = "<group>"; };
		02866A6C287DD10700507977 /* ViewController.swift */ = {isa = PBXFileReference; lastKnownFileType = sourcecode.swift; path = ViewController.swift; sourceTree = "<group>"; };
		02866A6F287DD10700507977 /* Base */ = {isa = PBXFileReference; lastKnownFileType = file.storyboard; name = Base; path = Base.lproj/Main.storyboard; sourceTree = "<group>"; };
		02866A71287DD10900507977 /* Assets.xcassets */ = {isa = PBXFileReference; lastKnownFileType = folder.assetcatalog; path = Assets.xcassets; sourceTree = "<group>"; };
		02866A74287DD10900507977 /* Base */ = {isa = PBXFileReference; lastKnownFileType = file.storyboard; name = Base; path = Base.lproj/LaunchScreen.storyboard; sourceTree = "<group>"; };
		02866A76287DD10900507977 /* Info.plist */ = {isa = PBXFileReference; lastKnownFileType = text.plist.xml; path = Info.plist; sourceTree = "<group>"; };
		0291EA10287DF06D0097E386 /* NetworkManager.swift */ = {isa = PBXFileReference; lastKnownFileType = sourcecode.swift; path = NetworkManager.swift; sourceTree = "<group>"; };
		0291EA12287DF14B0097E386 /* SampleJSONDragon.json */ = {isa = PBXFileReference; fileEncoding = 4; lastKnownFileType = text.json; name = SampleJSONDragon.json; path = ../../../../../../Downloads/SampleJSONDragon.json; sourceTree = "<group>"; };
		0291EA15287DF2600097E386 /* Pokemon.swift */ = {isa = PBXFileReference; lastKnownFileType = sourcecode.swift; path = Pokemon.swift; sourceTree = "<group>"; };
/* End PBXFileReference section */

/* Begin PBXFrameworksBuildPhase section */
		02866A62287DD10700507977 /* Frameworks */ = {
			isa = PBXFrameworksBuildPhase;
			buildActionMask = 2147483647;
			files = (
			);
			runOnlyForDeploymentPostprocessing = 0;
		};
/* End PBXFrameworksBuildPhase section */

/* Begin PBXGroup section */
		02866A5C287DD10700507977 = {
			isa = PBXGroup;
			children = (
				02866A67287DD10700507977 /* JsonLongWay */,
				02866A66287DD10700507977 /* Products */,
			);
			sourceTree = "<group>";
		};
		02866A66287DD10700507977 /* Products */ = {
			isa = PBXGroup;
			children = (
				02866A65287DD10700507977 /* JsonLongWay.app */,
			);
			name = Products;
			sourceTree = "<group>";
		};
		02866A67287DD10700507977 /* JsonLongWay */ = {
			isa = PBXGroup;
			children = (
				0291EA14287DF2400097E386 /* Model */,
				0291EA0F287DF0460097E386 /* Network */,
				02866A68287DD10700507977 /* AppDelegate.swift */,
				02866A6A287DD10700507977 /* SceneDelegate.swift */,
				02866A6C287DD10700507977 /* ViewController.swift */,
				02866A6E287DD10700507977 /* Main.storyboard */,
				02866A71287DD10900507977 /* Assets.xcassets */,
				02866A73287DD10900507977 /* LaunchScreen.storyboard */,
				02866A76287DD10900507977 /* Info.plist */,
			);
			path = JsonLongWay;
			sourceTree = "<group>";
		};
		0291EA0F287DF0460097E386 /* Network */ = {
			isa = PBXGroup;
			children = (
				0291EA10287DF06D0097E386 /* NetworkManager.swift */,
				0291EA12287DF14B0097E386 /* SampleJSONDragon.json */,
			);
			path = Network;
			sourceTree = "<group>";
		};
		0291EA14287DF2400097E386 /* Model */ = {
			isa = PBXGroup;
			children = (
				0291EA15287DF2600097E386 /* Pokemon.swift */,
			);
			path = Model;
			sourceTree = "<group>";
		};
/* End PBXGroup section */

/* Begin PBXNativeTarget section */
		02866A64287DD10700507977 /* JsonLongWay */ = {
			isa = PBXNativeTarget;
			buildConfigurationList = 02866A79287DD10900507977 /* Build configuration list for PBXNativeTarget "JsonLongWay" */;
			buildPhases = (
				02866A61287DD10700507977 /* Sources */,
				02866A62287DD10700507977 /* Frameworks */,
				02866A63287DD10700507977 /* Resources */,
			);
			buildRules = (
			);
			dependencies = (
			);
			name = JsonLongWay;
			productName = JsonLongWay;
			productReference = 02866A65287DD10700507977 /* JsonLongWay.app */;
			productType = "com.apple.product-type.application";
		};
/* End PBXNativeTarget section */

/* Begin PBXProject section */
		02866A5D287DD10700507977 /* Project object */ = {
			isa = PBXProject;
			attributes = {
				BuildIndependentTargetsInParallel = 1;
				LastSwiftUpdateCheck = 1340;
				LastUpgradeCheck = 1340;
				TargetAttributes = {
					02866A64287DD10700507977 = {
						CreatedOnToolsVersion = 13.4.1;
					};
				};
			};
			buildConfigurationList = 02866A60287DD10700507977 /* Build configuration list for PBXProject "JsonLongWay" */;
			compatibilityVersion = "Xcode 13.0";
			developmentRegion = en;
			hasScannedForEncodings = 0;
			knownRegions = (
				en,
				Base,
			);
			mainGroup = 02866A5C287DD10700507977;
			productRefGroup = 02866A66287DD10700507977 /* Products */;
			projectDirPath = "";
			projectRoot = "";
			targets = (
				02866A64287DD10700507977 /* JsonLongWay */,
			);
		};
/* End PBXProject section */

/* Begin PBXResourcesBuildPhase section */
		02866A63287DD10700507977 /* Resources */ = {
			isa = PBXResourcesBuildPhase;
			buildActionMask = 2147483647;
			files = (
				0291EA13287DF14B0097E386 /* SampleJSONDragon.json in Resources */,
				02866A75287DD10900507977 /* LaunchScreen.storyboard in Resources */,
				02866A72287DD10900507977 /* Assets.xcassets in Resources */,
				02866A70287DD10700507977 /* Main.storyboard in Resources */,
			);
			runOnlyForDeploymentPostprocessing = 0;
		};
/* End PBXResourcesBuildPhase section */

/* Begin PBXSourcesBuildPhase section */
		02866A61287DD10700507977 /* Sources */ = {
			isa = PBXSourcesBuildPhase;
			buildActionMask = 2147483647;
			files = (
				0291EA16287DF2600097E386 /* Pokemon.swift in Sources */,
				0291EA11287DF06D0097E386 /* NetworkManager.swift in Sources */,
				02866A6D287DD10700507977 /* ViewController.swift in Sources */,
				02866A69287DD10700507977 /* AppDelegate.swift in Sources */,
				02866A6B287DD10700507977 /* SceneDelegate.swift in Sources */,
			);
			runOnlyForDeploymentPostprocessing = 0;
		};
/* End PBXSourcesBuildPhase section */

/* Begin PBXVariantGroup section */
		02866A6E287DD10700507977 /* Main.storyboard */ = {
			isa = PBXVariantGroup;
			children = (
				02866A6F287DD10700507977 /* Base */,
			);
			name = Main.storyboard;
			sourceTree = "<group>";
		};
		02866A73287DD10900507977 /* LaunchScreen.storyboard */ = {
			isa = PBXVariantGroup;
			children = (
				02866A74287DD10900507977 /* Base */,
			);
			name = LaunchScreen.storyboard;
			sourceTree = "<group>";
		};
/* End PBXVariantGroup section */

/* Begin XCBuildConfiguration section */
		02866A77287DD10900507977 /* Debug */ = {
			isa = XCBuildConfiguration;
			buildSettings = {
				ALWAYS_SEARCH_USER_PATHS = NO;
				CLANG_ANALYZER_NONNULL = YES;
				CLANG_ANALYZER_NUMBER_OBJECT_CONVERSION = YES_AGGRESSIVE;
				CLANG_CXX_LANGUAGE_STANDARD = "gnu++17";
				CLANG_ENABLE_MODULES = YES;
				CLANG_ENABLE_OBJC_ARC = YES;
				CLANG_ENABLE_OBJC_WEAK = YES;
				CLANG_WARN_BLOCK_CAPTURE_AUTORELEASING = YES;
				CLANG_WARN_BOOL_CONVERSION = YES;
				CLANG_WARN_COMMA = YES;
				CLANG_WARN_CONSTANT_CONVERSION = YES;
				CLANG_WARN_DEPRECATED_OBJC_IMPLEMENTATIONS = YES;
				CLANG_WARN_DIRECT_OBJC_ISA_USAGE = YES_ERROR;
				CLANG_WARN_DOCUMENTATION_COMMENTS = YES;
				CLANG_WARN_EMPTY_BODY = YES;
				CLANG_WARN_ENUM_CONVERSION = YES;
				CLANG_WARN_INFINITE_RECURSION = YES;
				CLANG_WARN_INT_CONVERSION = YES;
				CLANG_WARN_NON_LITERAL_NULL_CONVERSION = YES;
				CLANG_WARN_OBJC_IMPLICIT_RETAIN_SELF = YES;
				CLANG_WARN_OBJC_LITERAL_CONVERSION = YES;
				CLANG_WARN_OBJC_ROOT_CLASS = YES_ERROR;
				CLANG_WARN_QUOTED_INCLUDE_IN_FRAMEWORK_HEADER = YES;
				CLANG_WARN_RANGE_LOOP_ANALYSIS = YES;
				CLANG_WARN_STRICT_PROTOTYPES = YES;
				CLANG_WARN_SUSPICIOUS_MOVE = YES;
				CLANG_WARN_UNGUARDED_AVAILABILITY = YES_AGGRESSIVE;
				CLANG_WARN_UNREACHABLE_CODE = YES;
				CLANG_WARN__DUPLICATE_METHOD_MATCH = YES;
				COPY_PHASE_STRIP = NO;
				DEBUG_INFORMATION_FORMAT = dwarf;
				ENABLE_STRICT_OBJC_MSGSEND = YES;
				ENABLE_TESTABILITY = YES;
				GCC_C_LANGUAGE_STANDARD = gnu11;
				GCC_DYNAMIC_NO_PIC = NO;
				GCC_NO_COMMON_BLOCKS = YES;
				GCC_OPTIMIZATION_LEVEL = 0;
				GCC_PREPROCESSOR_DEFINITIONS = (
					"DEBUG=1",
					"$(inherited)",
				);
				GCC_WARN_64_TO_32_BIT_CONVERSION = YES;
				GCC_WARN_ABOUT_RETURN_TYPE = YES_ERROR;
				GCC_WARN_UNDECLARED_SELECTOR = YES;
				GCC_WARN_UNINITIALIZED_AUTOS = YES_AGGRESSIVE;
				GCC_WARN_UNUSED_FUNCTION = YES;
				GCC_WARN_UNUSED_VARIABLE = YES;
				IPHONEOS_DEPLOYMENT_TARGET = 15.5;
				MTL_ENABLE_DEBUG_INFO = INCLUDE_SOURCE;
				MTL_FAST_MATH = YES;
				ONLY_ACTIVE_ARCH = YES;
				SDKROOT = iphoneos;
				SWIFT_ACTIVE_COMPILATION_CONDITIONS = DEBUG;
				SWIFT_OPTIMIZATION_LEVEL = "-Onone";
			};
			name = Debug;
		};
		02866A78287DD10900507977 /* Release */ = {
			isa = XCBuildConfiguration;
			buildSettings = {
				ALWAYS_SEARCH_USER_PATHS = NO;
				CLANG_ANALYZER_NONNULL = YES;
				CLANG_ANALYZER_NUMBER_OBJECT_CONVERSION = YES_AGGRESSIVE;
				CLANG_CXX_LANGUAGE_STANDARD = "gnu++17";
				CLANG_ENABLE_MODULES = YES;
				CLANG_ENABLE_OBJC_ARC = YES;
				CLANG_ENABLE_OBJC_WEAK = YES;
				CLANG_WARN_BLOCK_CAPTURE_AUTORELEASING = YES;
				CLANG_WARN_BOOL_CONVERSION = YES;
				CLANG_WARN_COMMA = YES;
				CLANG_WARN_CONSTANT_CONVERSION = YES;
				CLANG_WARN_DEPRECATED_OBJC_IMPLEMENTATIONS = YES;
				CLANG_WARN_DIRECT_OBJC_ISA_USAGE = YES_ERROR;
				CLANG_WARN_DOCUMENTATION_COMMENTS = YES;
				CLANG_WARN_EMPTY_BODY = YES;
				CLANG_WARN_ENUM_CONVERSION = YES;
				CLANG_WARN_INFINITE_RECURSION = YES;
				CLANG_WARN_INT_CONVERSION = YES;
				CLANG_WARN_NON_LITERAL_NULL_CONVERSION = YES;
				CLANG_WARN_OBJC_IMPLICIT_RETAIN_SELF = YES;
				CLANG_WARN_OBJC_LITERAL_CONVERSION = YES;
				CLANG_WARN_OBJC_ROOT_CLASS = YES_ERROR;
				CLANG_WARN_QUOTED_INCLUDE_IN_FRAMEWORK_HEADER = YES;
				CLANG_WARN_RANGE_LOOP_ANALYSIS = YES;
				CLANG_WARN_STRICT_PROTOTYPES = YES;
				CLANG_WARN_SUSPICIOUS_MOVE = YES;
				CLANG_WARN_UNGUARDED_AVAILABILITY = YES_AGGRESSIVE;
				CLANG_WARN_UNREACHABLE_CODE = YES;
				CLANG_WARN__DUPLICATE_METHOD_MATCH = YES;
				COPY_PHASE_STRIP = NO;
				DEBUG_INFORMATION_FORMAT = "dwarf-with-dsym";
				ENABLE_NS_ASSERTIONS = NO;
				ENABLE_STRICT_OBJC_MSGSEND = YES;
				GCC_C_LANGUAGE_STANDARD = gnu11;
				GCC_NO_COMMON_BLOCKS = YES;
				GCC_WARN_64_TO_32_BIT_CONVERSION = YES;
				GCC_WARN_ABOUT_RETURN_TYPE = YES_ERROR;
				GCC_WARN_UNDECLARED_SELECTOR = YES;
				GCC_WARN_UNINITIALIZED_AUTOS = YES_AGGRESSIVE;
				GCC_WARN_UNUSED_FUNCTION = YES;
				GCC_WARN_UNUSED_VARIABLE = YES;
				IPHONEOS_DEPLOYMENT_TARGET = 15.5;
				MTL_ENABLE_DEBUG_INFO = NO;
				MTL_FAST_MATH = YES;
				SDKROOT = iphoneos;
				SWIFT_COMPILATION_MODE = wholemodule;
				SWIFT_OPTIMIZATION_LEVEL = "-O";
				VALIDATE_PRODUCT = YES;
			};
			name = Release;
		};
		02866A7A287DD10900507977 /* Debug */ = {
			isa = XCBuildConfiguration;
			buildSettings = {
				ASSETCATALOG_COMPILER_APPICON_NAME = AppIcon;
				ASSETCATALOG_COMPILER_GLOBAL_ACCENT_COLOR_NAME = AccentColor;
				CODE_SIGN_STYLE = Automatic;
				CURRENT_PROJECT_VERSION = 1;
				GENERATE_INFOPLIST_FILE = YES;
				INFOPLIST_FILE = JsonLongWay/Info.plist;
				INFOPLIST_KEY_UIApplicationSupportsIndirectInputEvents = YES;
				INFOPLIST_KEY_UILaunchStoryboardName = LaunchScreen;
				INFOPLIST_KEY_UIMainStoryboardFile = Main;
				INFOPLIST_KEY_UISupportedInterfaceOrientations_iPad = "UIInterfaceOrientationPortrait UIInterfaceOrientationPortraitUpsideDown UIInterfaceOrientationLandscapeLeft UIInterfaceOrientationLandscapeRight";
				INFOPLIST_KEY_UISupportedInterfaceOrientations_iPhone = "UIInterfaceOrientationPortrait UIInterfaceOrientationLandscapeLeft UIInterfaceOrientationLandscapeRight";
				LD_RUNPATH_SEARCH_PATHS = (
					"$(inherited)",
					"@executable_path/Frameworks",
				);
				MARKETING_VERSION = 1.0;
				PRODUCT_BUNDLE_IDENTIFIER = com.Felipe.JsonLongWay;
				PRODUCT_NAME = "$(TARGET_NAME)";
				SWIFT_EMIT_LOC_STRINGS = YES;
				SWIFT_VERSION = 5.0;
				TARGETED_DEVICE_FAMILY = "1,2";
			};
			name = Debug;
		};
		02866A7B287DD10900507977 /* Release */ = {
			isa = XCBuildConfiguration;
			buildSettings = {
				ASSETCATALOG_COMPILER_APPICON_NAME = AppIcon;
				ASSETCATALOG_COMPILER_GLOBAL_ACCENT_COLOR_NAME = AccentColor;
				CODE_SIGN_STYLE = Automatic;
				CURRENT_PROJECT_VERSION = 1;
				GENERATE_INFOPLIST_FILE = YES;
				INFOPLIST_FILE = JsonLongWay/Info.plist;
				INFOPLIST_KEY_UIApplicationSupportsIndirectInputEvents = YES;
				INFOPLIST_KEY_UILaunchStoryboardName = LaunchScreen;
				INFOPLIST_KEY_UIMainStoryboardFile = Main;
				INFOPLIST_KEY_UISupportedInterfaceOrientations_iPad = "UIInterfaceOrientationPortrait UIInterfaceOrientationPortraitUpsideDown UIInterfaceOrientationLandscapeLeft UIInterfaceOrientationLandscapeRight";
				INFOPLIST_KEY_UISupportedInterfaceOrientations_iPhone = "UIInterfaceOrientationPortrait UIInterfaceOrientationLandscapeLeft UIInterfaceOrientationLandscapeRight";
				LD_RUNPATH_SEARCH_PATHS = (
					"$(inherited)",
					"@executable_path/Frameworks",
				);
				MARKETING_VERSION = 1.0;
				PRODUCT_BUNDLE_IDENTIFIER = com.Felipe.JsonLongWay;
				PRODUCT_NAME = "$(TARGET_NAME)";
				SWIFT_EMIT_LOC_STRINGS = YES;
				SWIFT_VERSION = 5.0;
				TARGETED_DEVICE_FAMILY = "1,2";
			};
			name = Release;
		};
/* End XCBuildConfiguration section */

/* Begin XCConfigurationList section */
		02866A60287DD10700507977 /* Build configuration list for PBXProject "JsonLongWay" */ = {
			isa = XCConfigurationList;
			buildConfigurations = (
				02866A77287DD10900507977 /* Debug */,
				02866A78287DD10900507977 /* Release */,
			);
			defaultConfigurationIsVisible = 0;
			defaultConfigurationName = Release;
		};
		02866A79287DD10900507977 /* Build configuration list for PBXNativeTarget "JsonLongWay" */ = {
			isa = XCConfigurationList;
			buildConfigurations = (
				02866A7A287DD10900507977 /* Debug */,
				02866A7B287DD10900507977 /* Release */,
			);
			defaultConfigurationIsVisible = 0;
			defaultConfigurationName = Release;
		};
/* End XCConfigurationList section */
	};
	rootObject = 02866A5D287DD10700507977 /* Project object */;
}
